
Microsoft Visual Studio Solution File, Format Version 12.00
# Visual Studio Version 17
VisualStudioVersion = 17.0.31903.59
MinimumVisualStudioVersion = 10.0.40219.1
Project("{9A19103F-16F7-4668-BE54-9A1E7A4F7556}") = "Initialization.Interfaces", "Initialization.Interfaces\Initialization.Interfaces.csproj", "{0F02408C-EE8B-43DB-BE25-46D695189B0C}"
EndProject
Project("{2150E333-8FDC-42A3-9474-1A3956D46DE8}") = "Solution Items", "Solution Items", "{E8EE9491-AED2-479B-83D0-7A988E284EE8}"
	ProjectSection(SolutionItems) = preProject
		Directory.Build.props = Directory.Build.props
		Directory.Build.targets = Directory.Build.targets
		..\.github\workflows\dotnet.yml = ..\.github\workflows\dotnet.yml
	EndProjectSection
EndProject
Global
	GlobalSection(SolutionConfigurationPlatforms) = preSolution
		Debug|Any CPU = Debug|Any CPU
		Debug-Publish|Any CPU = Debug-Publish|Any CPU
		Release|Any CPU = Release|Any CPU
		Release-Publish|Any CPU = Release-Publish|Any CPU
		Release-Stable|Any CPU = Release-Stable|Any CPU
	EndGlobalSection
	GlobalSection(ProjectConfigurationPlatforms) = postSolution
		{0F02408C-EE8B-43DB-BE25-46D695189B0C}.Debug|Any CPU.ActiveCfg = Debug|Any CPU
		{0F02408C-EE8B-43DB-BE25-46D695189B0C}.Debug|Any CPU.Build.0 = Debug|Any CPU
		{0F02408C-EE8B-43DB-BE25-46D695189B0C}.Debug-Publish|Any CPU.ActiveCfg = Debug-Publish|Any CPU
		{0F02408C-EE8B-43DB-BE25-46D695189B0C}.Debug-Publish|Any CPU.Build.0 = Debug-Publish|Any CPU
		{0F02408C-EE8B-43DB-BE25-46D695189B0C}.Release|Any CPU.ActiveCfg = Release|Any CPU
		{0F02408C-EE8B-43DB-BE25-46D695189B0C}.Release|Any CPU.Build.0 = Release|Any CPU
		{0F02408C-EE8B-43DB-BE25-46D695189B0C}.Release-Publish|Any CPU.ActiveCfg = Release-Publish|Any CPU
		{0F02408C-EE8B-43DB-BE25-46D695189B0C}.Release-Publish|Any CPU.Build.0 = Release-Publish|Any CPU
		{0F02408C-EE8B-43DB-BE25-46D695189B0C}.Release-Stable|Any CPU.ActiveCfg = Release-Stable|Any CPU
		{0F02408C-EE8B-43DB-BE25-46D695189B0C}.Release-Stable|Any CPU.Build.0 = Release-Stable|Any CPU
	EndGlobalSection
	GlobalSection(SolutionProperties) = preSolution
		HideSolutionNode = FALSE
	EndGlobalSection
	GlobalSection(NestedProjects) = preSolution
		{85B4B599-D41B-4C91-9466-300FAF26FDDC} = {55B8E64F-48DE-438B-802A-AFCE4A653220}
		{A010D62B-1126-4EB3-9A0C-9F8B36533A1E} = {55B8E64F-48DE-438B-802A-AFCE4A653220}
		{67BDE3DB-85F8-45A6-B61D-DF08C92E8746} = {55B8E64F-48DE-438B-802A-AFCE4A653220}
	EndGlobalSection
	GlobalSection(ExtensibilityGlobals) = postSolution
		SolutionGuid = {8CF8288F-56DB-43C6-A24A-314681963A4D}
	EndGlobalSection
EndGlobal
